[[package]]
name = "dynaconf"
version = "3.1.2"
description = "The dynamic configurator for your Python Project"
category = "main"
optional = false
python-versions = "*"

[package.extras]
all = ["redis", "ruamel.yaml", "configobj", "hvac"]
configobj = ["configobj"]
ini = ["configobj"]
redis = ["redis"]
toml = ["toml"]
vault = ["hvac"]
yaml = ["ruamel.yaml"]

[metadata]
lock-version = "1.1"
python-versions = "^3.8"
content-hash = "e945689cfabcabe1d31f99af703657a4cd2b6b1fc44607eccb297583e11f8999"

[metadata.files]
dynaconf = [
    {file = "dynaconf-3.1.2-py2.py3-none-any.whl", hash = "sha256:808adfe964f10695846dbf8dad7632e47fc3bc38860fd1887ed57dddffc4eff2"},
    {file = "dynaconf-3.1.2.tar.gz", hash = "sha256:9b34ab2f811a81755f5eb4beac77a69e1e0887528c7e37fc4bc83fed52dcf502"},
]
